# This file is automatically @generated by Poetry 1.8.5 and should not be changed by hand.

[[package]]
name = "kazoo"
version = "2.11.0"
description = "\"Higher Level Zookeeper Client\""
optional = false
python-versions = "*"
files = [
    {file = "kazoo-2.11.0-py2.py3-none-any.whl", hash = "sha256:aa6be17159540dae4087661b8d4e24c7b58d4dc26170a2d5b8468b06712d84a9"},
    {file = "kazoo-2.11.0.tar.gz", hash = "sha256:57e7e6f69295c8f922511488eeb79680729e14bb8eb382d5cad83aa11345c36c"},
]

[package.extras]
alldeps = ["Sphinx (>=1.2.2)", "eventlet (>=0.17.1)", "flake8", "gevent (>=1.2)", "mypy (>=0.991)", "pure_sasl (>=0.5.1)", "sphinx-autodoc-typehints (>=1)"]
dev = ["flake8"]
docs = ["Sphinx (>=1.2.2)", "sphinx-autodoc-typehints (>=1)"]
eventlet = ["eventlet (>=0.17.1)"]
gevent = ["gevent (>=1.2)"]
sasl = ["pure_sasl (>=0.5.1)"]
test = ["eventlet (>=0.17.1)", "gevent (>=1.2)", "objgraph", "pyjks", "pyopenssl", "pytest", "pytest-cov", "pytest-timeout"]
typing = ["mypy (>=0.991)"]

[metadata]
lock-version = "2.0"
python-versions = "^3.8"
content-hash = "206c8cf4a5a09a87a1b36fc10757fe630e3bb4128853909c5b837ab290a13d30"
